
Microsoft Visual Studio Solution File, Format Version 12.00
# Visual Studio Version 17
VisualStudioVersion = 17.8.34322.80
MinimumVisualStudioVersion = 10.0.40219.1
Project("{2150E333-8FDC-42A3-9474-1A3956D46DE8}") = "Services", "Services", "{ACFF06D8-0B37-4DA7-83A6-AB3D082531CE}"
EndProject
Project("{2150E333-8FDC-42A3-9474-1A3956D46DE8}") = "Catalog", "Catalog", "{22296F4A-027D-4891-BCBF-D011AC9EEDE3}"
EndProject
Project("{FAE04EC0-301F-11D3-BF4B-00C04F79EFBC}") = "MultiShop.Catalog", "Services\Catalog\MultiShop.Catalog\MultiShop.Catalog.csproj", "{B46CCB10-81A1-4F2C-8491-D362060502A9}"
EndProject
Project("{2150E333-8FDC-42A3-9474-1A3956D46DE8}") = "Discount", "Discount", "{1F54FB2B-BA33-4920-ADE3-7EE2F0587EF3}"
EndProject
Project("{FAE04EC0-301F-11D3-BF4B-00C04F79EFBC}") = "MultiShop.Discount", "Services\Discount\MultiShop.Discount\MultiShop.Discount.csproj", "{73E2481F-3CD6-475A-9873-56AA5E8275C2}"
EndProject
Project("{2150E333-8FDC-42A3-9474-1A3956D46DE8}") = "Order", "Order", "{2C5F98A1-0825-40FA-A17D-EE12DC5B65DD}"
EndProject
Project("{2150E333-8FDC-42A3-9474-1A3956D46DE8}") = "Core", "Core", "{4612D909-21FB-4989-BD0C-0D66A74CC0BE}"
EndProject
Project("{2150E333-8FDC-42A3-9474-1A3956D46DE8}") = "Infrastructure", "Infrastructure", "{FEA12267-784C-4CC1-8BAD-CAE0E457AAA7}"
EndProject
Project("{2150E333-8FDC-42A3-9474-1A3956D46DE8}") = "Presentation", "Presentation", "{88422853-46C8-4B8F-9144-0FBCDC8956C4}"
EndProject
Project("{FAE04EC0-301F-11D3-BF4B-00C04F79EFBC}") = "MultiShop.Order.Domain", "Services\Order\Core\MultiShop.Order.Domain\MultiShop.Order.Domain.csproj", "{02C5FB43-A608-4A6B-B708-1F14A521E814}"
EndProject
Project("{FAE04EC0-301F-11D3-BF4B-00C04F79EFBC}") = "MultiShop.Order.Application", "Services\Order\Core\MultiShop.Order.Application\MultiShop.Order.Application.csproj", "{03BEA6F7-DB8A-4F43-9B8F-85D0C8085BCF}"
EndProject
Project("{FAE04EC0-301F-11D3-BF4B-00C04F79EFBC}") = "MultiShop.Order.Persistence", "Services\Order\Infrastructure\MultiShop.Order.Persistence\MultiShop.Order.Persistence.csproj", "{0AED66F7-B95F-4D75-8C27-E78C0490910D}"
EndProject
Project("{FAE04EC0-301F-11D3-BF4B-00C04F79EFBC}") = "MultiShop.Order.WebApi", "Services\Order\Presentation\MultiShop.Order.WebApi\MultiShop.Order.WebApi.csproj", "{CFD90383-C64F-4847-A4CD-75EE36DC14E4}"
EndProject
Project("{2150E333-8FDC-42A3-9474-1A3956D46DE8}") = "IdentityServer", "IdentityServer", "{FE8E7EA6-A4C7-4069-9542-9C3CB1FFA991}"
EndProject
Project("{FAE04EC0-301F-11D3-BF4B-00C04F79EFBC}") = "MultiShop.IdentityServer", "IdentityServer\MultiShop.IdentityServer\MultiShop.IdentityServer.csproj", "{99CA7F7B-55FC-406E-AFB5-C062A57C4B9D}"
EndProject
Project("{2150E333-8FDC-42A3-9474-1A3956D46DE8}") = "Requirements", "Requirements", "{81EDC74E-328B-4764-B00C-FC319253A869}"
	ProjectSection(SolutionItems) = preProject
		IdentityServerVersionErrorSolution.txt = IdentityServerVersionErrorSolution.txt
		PortainerCmd.txt = PortainerCmd.txt
		PortNumbers.txt = PortNumbers.txt
	EndProjectSection
EndProject
Project("{2150E333-8FDC-42A3-9474-1A3956D46DE8}") = "Cargo", "Cargo", "{E4E932F5-2706-46FF-BD4D-52D4F96B1DF4}"
EndProject
Project("{FAE04EC0-301F-11D3-BF4B-00C04F79EFBC}") = "MultiShop.Cargo.EntityLayer", "Services\Cargo\MultiShop.Cargo.EntityLayer\MultiShop.Cargo.EntityLayer.csproj", "{6B1AE3BF-2FF6-426D-954E-CC7424837C44}"
EndProject
Project("{FAE04EC0-301F-11D3-BF4B-00C04F79EFBC}") = "MultiShop.Cargo.BusinessLayer", "Services\Cargo\MultiShop.Cargo.BusinessLayer\MultiShop.Cargo.BusinessLayer.csproj", "{3AFAA021-FE8D-4DC4-BE2D-36B39BDD7D50}"
EndProject
Project("{FAE04EC0-301F-11D3-BF4B-00C04F79EFBC}") = "MultiShop.Cargo.DataAccessLayer", "Services\Cargo\MultiShop.Cargo.DataAccessLayer\MultiShop.Cargo.DataAccessLayer.csproj", "{538996CA-9F21-463E-A220-C849C198D85F}"
EndProject
Project("{FAE04EC0-301F-11D3-BF4B-00C04F79EFBC}") = "MultiShop.Cargo.DtoLayer", "Services\Cargo\MultiShop.Cargo.DtoLayer\MultiShop.Cargo.DtoLayer.csproj", "{7ED50894-98D3-4932-BB8B-498CB7198DCA}"
EndProject
Project("{FAE04EC0-301F-11D3-BF4B-00C04F79EFBC}") = "MultiShop.Cargo.WebApi", "Services\Cargo\MultiShop.Cargo.WebApi\MultiShop.Cargo.WebApi.csproj", "{32AC907D-5B80-4F19-830C-C496FF70B301}"
EndProject
Project("{2150E333-8FDC-42A3-9474-1A3956D46DE8}") = "Basket", "Basket", "{DA4691DF-718A-485B-A3C5-A1646E7F2722}"
EndProject
Project("{FAE04EC0-301F-11D3-BF4B-00C04F79EFBC}") = "MultiShop.Basket", "Services\Basket\MultiShop.Basket\MultiShop.Basket.csproj", "{AC1600C1-8BBE-4039-9B24-98CAA60193D5}"
EndProject
Project("{2150E333-8FDC-42A3-9474-1A3956D46DE8}") = "Frontends", "Frontends", "{941B811C-6F56-4548-A58C-778E0908D1D7}"
EndProject
Project("{FAE04EC0-301F-11D3-BF4B-00C04F79EFBC}") = "MultiShop.WebUI", "Frontends\MultiShop.WebUI\MultiShop.WebUI.csproj", "{8BB5C265-0F24-4B64-98F6-711828B26860}"
EndProject
Project("{FAE04EC0-301F-11D3-BF4B-00C04F79EFBC}") = "MultiShop.DtoLayer", "Frontends\MultiShop.DtoLayer\MultiShop.DtoLayer.csproj", "{3844A054-2D72-4F3B-906F-3428CAD3696E}"
EndProject
Global
	GlobalSection(SolutionConfigurationPlatforms) = preSolution
		Debug|Any CPU = Debug|Any CPU
		Release|Any CPU = Release|Any CPU
	EndGlobalSection
	GlobalSection(ProjectConfigurationPlatforms) = postSolution
		{B46CCB10-81A1-4F2C-8491-D362060502A9}.Debug|Any CPU.ActiveCfg = Debug|Any CPU
		{B46CCB10-81A1-4F2C-8491-D362060502A9}.Debug|Any CPU.Build.0 = Debug|Any CPU
		{B46CCB10-81A1-4F2C-8491-D362060502A9}.Release|Any CPU.ActiveCfg = Release|Any CPU
		{B46CCB10-81A1-4F2C-8491-D362060502A9}.Release|Any CPU.Build.0 = Release|Any CPU
		{73E2481F-3CD6-475A-9873-56AA5E8275C2}.Debug|Any CPU.ActiveCfg = Debug|Any CPU
		{73E2481F-3CD6-475A-9873-56AA5E8275C2}.Debug|Any CPU.Build.0 = Debug|Any CPU
		{73E2481F-3CD6-475A-9873-56AA5E8275C2}.Release|Any CPU.ActiveCfg = Release|Any CPU
		{73E2481F-3CD6-475A-9873-56AA5E8275C2}.Release|Any CPU.Build.0 = Release|Any CPU
		{02C5FB43-A608-4A6B-B708-1F14A521E814}.Debug|Any CPU.ActiveCfg = Debug|Any CPU
		{02C5FB43-A608-4A6B-B708-1F14A521E814}.Debug|Any CPU.Build.0 = Debug|Any CPU
		{02C5FB43-A608-4A6B-B708-1F14A521E814}.Release|Any CPU.ActiveCfg = Release|Any CPU
		{02C5FB43-A608-4A6B-B708-1F14A521E814}.Release|Any CPU.Build.0 = Release|Any CPU
		{03BEA6F7-DB8A-4F43-9B8F-85D0C8085BCF}.Debug|Any CPU.ActiveCfg = Debug|Any CPU
		{03BEA6F7-DB8A-4F43-9B8F-85D0C8085BCF}.Debug|Any CPU.Build.0 = Debug|Any CPU
		{03BEA6F7-DB8A-4F43-9B8F-85D0C8085BCF}.Release|Any CPU.ActiveCfg = Release|Any CPU
		{03BEA6F7-DB8A-4F43-9B8F-85D0C8085BCF}.Release|Any CPU.Build.0 = Release|Any CPU
		{0AED66F7-B95F-4D75-8C27-E78C0490910D}.Debug|Any CPU.ActiveCfg = Debug|Any CPU
		{0AED66F7-B95F-4D75-8C27-E78C0490910D}.Debug|Any CPU.Build.0 = Debug|Any CPU
		{0AED66F7-B95F-4D75-8C27-E78C0490910D}.Release|Any CPU.ActiveCfg = Release|Any CPU
		{0AED66F7-B95F-4D75-8C27-E78C0490910D}.Release|Any CPU.Build.0 = Release|Any CPU
		{CFD90383-C64F-4847-A4CD-75EE36DC14E4}.Debug|Any CPU.ActiveCfg = Debug|Any CPU
		{CFD90383-C64F-4847-A4CD-75EE36DC14E4}.Debug|Any CPU.Build.0 = Debug|Any CPU
		{CFD90383-C64F-4847-A4CD-75EE36DC14E4}.Release|Any CPU.ActiveCfg = Release|Any CPU
		{CFD90383-C64F-4847-A4CD-75EE36DC14E4}.Release|Any CPU.Build.0 = Release|Any CPU
		{99CA7F7B-55FC-406E-AFB5-C062A57C4B9D}.Debug|Any CPU.ActiveCfg = Debug|Any CPU
		{99CA7F7B-55FC-406E-AFB5-C062A57C4B9D}.Debug|Any CPU.Build.0 = Debug|Any CPU
		{99CA7F7B-55FC-406E-AFB5-C062A57C4B9D}.Release|Any CPU.ActiveCfg = Release|Any CPU
		{99CA7F7B-55FC-406E-AFB5-C062A57C4B9D}.Release|Any CPU.Build.0 = Release|Any CPU
		{6B1AE3BF-2FF6-426D-954E-CC7424837C44}.Debug|Any CPU.ActiveCfg = Debug|Any CPU
		{6B1AE3BF-2FF6-426D-954E-CC7424837C44}.Debug|Any CPU.Build.0 = Debug|Any CPU
		{6B1AE3BF-2FF6-426D-954E-CC7424837C44}.Release|Any CPU.ActiveCfg = Release|Any CPU
		{6B1AE3BF-2FF6-426D-954E-CC7424837C44}.Release|Any CPU.Build.0 = Release|Any CPU
		{3AFAA021-FE8D-4DC4-BE2D-36B39BDD7D50}.Debug|Any CPU.ActiveCfg = Debug|Any CPU
		{3AFAA021-FE8D-4DC4-BE2D-36B39BDD7D50}.Debug|Any CPU.Build.0 = Debug|Any CPU
		{3AFAA021-FE8D-4DC4-BE2D-36B39BDD7D50}.Release|Any CPU.ActiveCfg = Release|Any CPU
		{3AFAA021-FE8D-4DC4-BE2D-36B39BDD7D50}.Release|Any CPU.Build.0 = Release|Any CPU
		{538996CA-9F21-463E-A220-C849C198D85F}.Debug|Any CPU.ActiveCfg = Debug|Any CPU
		{538996CA-9F21-463E-A220-C849C198D85F}.Debug|Any CPU.Build.0 = Debug|Any CPU
		{538996CA-9F21-463E-A220-C849C198D85F}.Release|Any CPU.ActiveCfg = Release|Any CPU
		{538996CA-9F21-463E-A220-C849C198D85F}.Release|Any CPU.Build.0 = Release|Any CPU
		{7ED50894-98D3-4932-BB8B-498CB7198DCA}.Debug|Any CPU.ActiveCfg = Debug|Any CPU
		{7ED50894-98D3-4932-BB8B-498CB7198DCA}.Debug|Any CPU.Build.0 = Debug|Any CPU
		{7ED50894-98D3-4932-BB8B-498CB7198DCA}.Release|Any CPU.ActiveCfg = Release|Any CPU
		{7ED50894-98D3-4932-BB8B-498CB7198DCA}.Release|Any CPU.Build.0 = Release|Any CPU
		{32AC907D-5B80-4F19-830C-C496FF70B301}.Debug|Any CPU.ActiveCfg = Debug|Any CPU
		{32AC907D-5B80-4F19-830C-C496FF70B301}.Debug|Any CPU.Build.0 = Debug|Any CPU
		{32AC907D-5B80-4F19-830C-C496FF70B301}.Release|Any CPU.ActiveCfg = Release|Any CPU
		{32AC907D-5B80-4F19-830C-C496FF70B301}.Release|Any CPU.Build.0 = Release|Any CPU
		{AC1600C1-8BBE-4039-9B24-98CAA60193D5}.Debug|Any CPU.ActiveCfg = Debug|Any CPU
		{AC1600C1-8BBE-4039-9B24-98CAA60193D5}.Debug|Any CPU.Build.0 = Debug|Any CPU
		{AC1600C1-8BBE-4039-9B24-98CAA60193D5}.Release|Any CPU.ActiveCfg = Release|Any CPU
		{AC1600C1-8BBE-4039-9B24-98CAA60193D5}.Release|Any CPU.Build.0 = Release|Any CPU
		{8BB5C265-0F24-4B64-98F6-711828B26860}.Debug|Any CPU.ActiveCfg = Debug|Any CPU
		{8BB5C265-0F24-4B64-98F6-711828B26860}.Debug|Any CPU.Build.0 = Debug|Any CPU
		{8BB5C265-0F24-4B64-98F6-711828B26860}.Release|Any CPU.ActiveCfg = Release|Any CPU
		{8BB5C265-0F24-4B64-98F6-711828B26860}.Release|Any CPU.Build.0 = Release|Any CPU
		{3844A054-2D72-4F3B-906F-3428CAD3696E}.Debug|Any CPU.ActiveCfg = Debug|Any CPU
		{3844A054-2D72-4F3B-906F-3428CAD3696E}.Debug|Any CPU.Build.0 = Debug|Any CPU
		{3844A054-2D72-4F3B-906F-3428CAD3696E}.Release|Any CPU.ActiveCfg = Release|Any CPU
		{3844A054-2D72-4F3B-906F-3428CAD3696E}.Release|Any CPU.Build.0 = Release|Any CPU
	EndGlobalSection
	GlobalSection(SolutionProperties) = preSolution
		HideSolutionNode = FALSE
	EndGlobalSection
	GlobalSection(NestedProjects) = preSolution
		{22296F4A-027D-4891-BCBF-D011AC9EEDE3} = {ACFF06D8-0B37-4DA7-83A6-AB3D082531CE}
		{B46CCB10-81A1-4F2C-8491-D362060502A9} = {22296F4A-027D-4891-BCBF-D011AC9EEDE3}
		{1F54FB2B-BA33-4920-ADE3-7EE2F0587EF3} = {ACFF06D8-0B37-4DA7-83A6-AB3D082531CE}
		{73E2481F-3CD6-475A-9873-56AA5E8275C2} = {1F54FB2B-BA33-4920-ADE3-7EE2F0587EF3}
		{2C5F98A1-0825-40FA-A17D-EE12DC5B65DD} = {ACFF06D8-0B37-4DA7-83A6-AB3D082531CE}
		{4612D909-21FB-4989-BD0C-0D66A74CC0BE} = {2C5F98A1-0825-40FA-A17D-EE12DC5B65DD}
		{FEA12267-784C-4CC1-8BAD-CAE0E457AAA7} = {2C5F98A1-0825-40FA-A17D-EE12DC5B65DD}
		{88422853-46C8-4B8F-9144-0FBCDC8956C4} = {2C5F98A1-0825-40FA-A17D-EE12DC5B65DD}
		{02C5FB43-A608-4A6B-B708-1F14A521E814} = {4612D909-21FB-4989-BD0C-0D66A74CC0BE}
		{03BEA6F7-DB8A-4F43-9B8F-85D0C8085BCF} = {4612D909-21FB-4989-BD0C-0D66A74CC0BE}
		{0AED66F7-B95F-4D75-8C27-E78C0490910D} = {FEA12267-784C-4CC1-8BAD-CAE0E457AAA7}
		{CFD90383-C64F-4847-A4CD-75EE36DC14E4} = {88422853-46C8-4B8F-9144-0FBCDC8956C4}
		{99CA7F7B-55FC-406E-AFB5-C062A57C4B9D} = {FE8E7EA6-A4C7-4069-9542-9C3CB1FFA991}
		{E4E932F5-2706-46FF-BD4D-52D4F96B1DF4} = {ACFF06D8-0B37-4DA7-83A6-AB3D082531CE}
		{6B1AE3BF-2FF6-426D-954E-CC7424837C44} = {E4E932F5-2706-46FF-BD4D-52D4F96B1DF4}
		{3AFAA021-FE8D-4DC4-BE2D-36B39BDD7D50} = {E4E932F5-2706-46FF-BD4D-52D4F96B1DF4}
		{538996CA-9F21-463E-A220-C849C198D85F} = {E4E932F5-2706-46FF-BD4D-52D4F96B1DF4}
		{7ED50894-98D3-4932-BB8B-498CB7198DCA} = {E4E932F5-2706-46FF-BD4D-52D4F96B1DF4}
		{32AC907D-5B80-4F19-830C-C496FF70B301} = {E4E932F5-2706-46FF-BD4D-52D4F96B1DF4}
		{DA4691DF-718A-485B-A3C5-A1646E7F2722} = {ACFF06D8-0B37-4DA7-83A6-AB3D082531CE}
		{AC1600C1-8BBE-4039-9B24-98CAA60193D5} = {DA4691DF-718A-485B-A3C5-A1646E7F2722}
		{8BB5C265-0F24-4B64-98F6-711828B26860} = {941B811C-6F56-4548-A58C-778E0908D1D7}
		{3844A054-2D72-4F3B-906F-3428CAD3696E} = {941B811C-6F56-4548-A58C-778E0908D1D7}
	EndGlobalSection
	GlobalSection(ExtensibilityGlobals) = postSolution
		SolutionGuid = {11C2B14A-8DBA-45E9-BC6A-F4F1C0D8927F}
	EndGlobalSection
EndGlobal
